
Microsoft Visual Studio Solution File, Format Version 12.00
# Visual Studio Version 17
VisualStudioVersion = 17.5.33516.290
MinimumVisualStudioVersion = 10.0.40219.1
Project("{9A19103F-16F7-4668-BE54-9A1E7A4F7556}") = "MVC", "MVC\MVC.csproj", "{C097ED38-14DF-45C9-A8CA-FFC1FC7D4FEA}"
EndProject
Project("{9A19103F-16F7-4668-BE54-9A1E7A4F7556}") = "DAL", "DAL\DAL.csproj", "{18A88D56-0B9C-40A5-A504-2EFD6E29B94E}"
EndProject
Project("{9A19103F-16F7-4668-BE54-9A1E7A4F7556}") = "BLL", "BLL\BLL.csproj", "{45A634F9-F947-4518-AFCC-B81E1F2E4A9D}"
EndProject
Global
	GlobalSection(SolutionConfigurationPlatforms) = preSolution
		Debug|Any CPU = Debug|Any CPU
		Release|Any CPU = Release|Any CPU
	EndGlobalSection
	GlobalSection(ProjectConfigurationPlatforms) = postSolution
		{C097ED38-14DF-45C9-A8CA-FFC1FC7D4FEA}.Debug|Any CPU.ActiveCfg = Debug|Any CPU
		{C097ED38-14DF-45C9-A8CA-FFC1FC7D4FEA}.Debug|Any CPU.Build.0 = Debug|Any CPU
		{C097ED38-14DF-45C9-A8CA-FFC1FC7D4FEA}.Release|Any CPU.ActiveCfg = Release|Any CPU
		{C097ED38-14DF-45C9-A8CA-FFC1FC7D4FEA}.Release|Any CPU.Build.0 = Release|Any CPU
		{18A88D56-0B9C-40A5-A504-2EFD6E29B94E}.Debug|Any CPU.ActiveCfg = Debug|Any CPU
		{18A88D56-0B9C-40A5-A504-2EFD6E29B94E}.Debug|Any CPU.Build.0 = Debug|Any CPU
		{18A88D56-0B9C-40A5-A504-2EFD6E29B94E}.Release|Any CPU.ActiveCfg = Release|Any CPU
		{18A88D56-0B9C-40A5-A504-2EFD6E29B94E}.Release|Any CPU.Build.0 = Release|Any CPU
		{45A634F9-F947-4518-AFCC-B81E1F2E4A9D}.Debug|Any CPU.ActiveCfg = Debug|Any CPU
		{45A634F9-F947-4518-AFCC-B81E1F2E4A9D}.Debug|Any CPU.Build.0 = Debug|Any CPU
		{45A634F9-F947-4518-AFCC-B81E1F2E4A9D}.Release|Any CPU.ActiveCfg = Release|Any CPU
		{45A634F9-F947-4518-AFCC-B81E1F2E4A9D}.Release|Any CPU.Build.0 = Release|Any CPU
	EndGlobalSection
	GlobalSection(SolutionProperties) = preSolution
		HideSolutionNode = FALSE
	EndGlobalSection
	GlobalSection(ExtensibilityGlobals) = postSolution
		SolutionGuid = {AF35A33F-512A-4F41-9632-63589A4F7529}
	EndGlobalSection
EndGlobal
